
Microsoft Visual Studio Solution File, Format Version 12.00
# Visual Studio Version 17
VisualStudioVersion = 17.9.34728.123
MinimumVisualStudioVersion = 10.0.40219.1
Project("{FAE04EC0-301F-11D3-BF4B-00C04F79EFBC}") = "SSnakeGUI", "SSnakeGUI.csproj", "{927C2E63-1E83-4F31-9A65-F74C25BE8F6B}"
EndProject
Global
	GlobalSection(SolutionConfigurationPlatforms) = preSolution
		Debug|Any CPU = Debug|Any CPU
		Release|Any CPU = Release|Any CPU
	EndGlobalSection
	GlobalSection(ProjectConfigurationPlatforms) = postSolution
		{927C2E63-1E83-4F31-9A65-F74C25BE8F6B}.Debug|Any CPU.ActiveCfg = Debug|Any CPU
		{927C2E63-1E83-4F31-9A65-F74C25BE8F6B}.Debug|Any CPU.Build.0 = Debug|Any CPU
		{927C2E63-1E83-4F31-9A65-F74C25BE8F6B}.Release|Any CPU.ActiveCfg = Release|Any CPU
		{927C2E63-1E83-4F31-9A65-F74C25BE8F6B}.Release|Any CPU.Build.0 = Release|Any CPU
	EndGlobalSection
	GlobalSection(SolutionProperties) = preSolution
		HideSolutionNode = FALSE
	EndGlobalSection
	GlobalSection(ExtensibilityGlobals) = postSolution
		SolutionGuid = {ED4EBB83-C35B-4B57-B85C-69DBAD654FCF}
	EndGlobalSection
EndGlobal
